{
    "_meta": {
        "hash": {
            "sha256": "18f26e54841d1ddf2d96e072312d4b24c4a6e7e65ee8f01fb76e87264bed7077"
        },
        "pipfile-spec": 6,
        "requires": {
            "python_version": "3.8"
        },
        "sources": [
            {
                "name": "pypi",
                "url": "https://pypi.org/simple",
                "verify_ssl": true
            }
        ]
    },
    "default": {
        "alembic": {
            "hashes": [
                "sha256:1acdd7a3a478e208b0503cd73614d5e4c6efafa4e73518bb60e4f2846a37b1c5",
                "sha256:496e888245a53adf1498fcab31713a469c65836f8de76e01399aa1c3e90dd213"
            ],
            "markers": "python_version >= '3.8'",
            "version": "==1.14.1"
        },
        "aniso8601": {
            "hashes": [
                "sha256:25488f8663dd1528ae1f54f94ac1ea51ae25b4d531539b8bc707fed184d16845",
                "sha256:eb19717fd4e0db6de1aab06f12450ab92144246b257423fe020af5748c0cb89e"
            ],
            "version": "==10.0.1"
        },
        "bcrypt": {
            "hashes": [
                "sha256:046ad6db88edb3c5ece4369af997938fb1c19d6a699b9c1b27b0db432faae4c4",
                "sha256:0c418ca99fd47e9c59a301744d63328f17798b5947b0f791e9af3c1c499c2d0a",
                "sha256:0c8e093ea2532601a6f686edbc2c6b2ec24131ff5c52f7610dd64fa4553b5464",
                "sha256:0cae4cb350934dfd74c020525eeae0a5f79257e8a201c0c176f4b84fdbf2a4b4",
                "sha256:137c5156524328a24b9fac1cb5db0ba618bc97d11970b39184c1d87dc4bf1746",
                "sha256:200af71bc25f22006f4069060c88ed36f8aa4ff7f53e67ff04d2ab3f1e79a5b2",
                "sha256:212139484ab3207b1f0c00633d3be92fef3c5f0af17cad155679d03ff2ee1e41",
                "sha256:2b732e7d388fa22d48920baa267ba5d97cca38070b69c0e2d37087b381c681fd",
                "sha256:35a77ec55b541e5e583eb3436ffbbf53b0ffa1fa16ca6782279daf95d146dcd9",
                "sha256:38cac74101777a6a7d3b3e3cfefa57089b5ada650dce2baf0cbdd9d65db22a9e",
                "sha256:3abeb543874b2c0524ff40c57a4e14e5d3a66ff33fb423529c88f180fd756538",
                "sha256:3ca8a166b1140436e058298a34d88032ab62f15aae1c598580333dc21d27ef10",
                "sha256:3cf67a804fc66fc217e6914a5635000259fbbbb12e78a99488e4d5ba445a71eb",
                "sha256:4870a52610537037adb382444fefd3706d96d663ac44cbb2f37e3919dca3d7ef",
                "sha256:48f753100931605686f74e27a7b49238122aa761a9aefe9373265b8b7aa43ea4",
                "sha256:4bfd2a34de661f34d0bda43c3e4e79df586e4716ef401fe31ea39d69d581ef23",
                "sha256:560ddb6ec730386e7b3b26b8b4c88197aaed924430e7b74666a586ac997249ef",
                "sha256:5b1589f4839a0899c146e8892efe320c0fa096568abd9b95593efac50a87cb75",
                "sha256:5feebf85a9cefda32966d8171f5db7e3ba964b77fdfe31919622256f80f9cf42",
                "sha256:611f0a17aa4a25a69362dcc299fda5c8a3d4f160e2abb3831041feb77393a14a",
                "sha256:61afc381250c3182d9078551e3ac3a41da14154fbff647ddf52a769f588c4172",
                "sha256:64d7ce196203e468c457c37ec22390f1a61c85c6f0b8160fd752940ccfb3a683",
                "sha256:64ee8434b0da054d830fa8e89e1c8bf30061d539044a39524ff7dec90481e5c2",
                "sha256:6b8f520b61e8781efee73cba14e3e8c9556ccfb375623f4f97429544734545b4",
                "sha256:741449132f64b3524e95cd30e5cd3343006ce146088f074f31ab26b94e6c75ba",
                "sha256:744d3c6b164caa658adcb72cb8cc9ad9b4b75c7db507ab4bc2480474a51989da",
                "sha256:79cfa161eda8d2ddf29acad370356b47f02387153b11d46042e93a0a95127493",
                "sha256:7aeef54b60ceddb6f30ee3db090351ecf0d40ec6e2abf41430997407a46d2254",
                "sha256:7edda91d5ab52b15636d9c30da87d2cc84f426c72b9dba7a9b4fe142ba11f534",
                "sha256:7f277a4b3390ab4bebe597800a90da0edae882c6196d3038a73adf446c4f969f",
                "sha256:7f4c94dec1b5ab5d522750cb059bb9409ea8872d4494fd152b53cca99f1ddd8c",
                "sha256:801cad5ccb6b87d1b430f183269b94c24f248dddbbc5c1f78b6ed231743e001c",
                "sha256:83e787d7a84dbbfba6f250dd7a5efd689e935f03dd83b0f919d39349e1f23f83",
                "sha256:89042e61b5e808b67daf24a434d89bab164d4de1746b37a8d173b6b14f3db9ff",
                "sha256:92864f54fb48b4c718fc92a32825d0e42265a627f956bc0361fe869f1adc3e7d",
                "sha256:9d52ed507c2488eddd6a95bccee4e808d3234fa78dd370e24bac65a21212b861",
                "sha256:9fffdb387abe6aa775af36ef16f55e318dcda4194ddbf82007a6f21da29de8f5",
                "sha256:a28bc05039bdf3289d757f49d616ab3efe8cf40d8e8001ccdd621cd4f98f4fc9",
                "sha256:a5393eae5722bcef046a990b84dff02b954904c36a194f6cfc817d7dca6c6f0b",
                "sha256:a71f70ee269671460b37a449f5ff26982a6f2ba493b3eabdd687b4bf35f875ac",
                "sha256:b17366316c654e1ad0306a6858e189fc835eca39f7eb2cafd6aaca8ce0c40a2e",
                "sha256:baade0a5657654c2984468efb7d6c110db87ea63ef5a4b54732e7e337253e44f",
                "sha256:c2388ca94ffee269b6038d48747f4ce8df0ffbea43f31abfa18ac72f0218effb",
                "sha256:c58b56cdfb03202b3bcc9fd8daee8e8e9b6d7e3163aa97c631dfcfcc24d36c86",
                "sha256:cde08734f12c6a4e28dc6755cd11d3bdfea608d93d958fffbe95a7026ebe4980",
                "sha256:d79e5c65dcc9af213594d6f7f1fa2c98ad3fc10431e7aa53c176b441943efbdd",
                "sha256:d8d65b564ec849643d9f7ea05c6d9f0cd7ca23bdd4ac0c2dbef1104ab504543d",
                "sha256:db99dca3b1fdc3db87d7c57eac0c82281242d1eabf19dcb8a6b10eb29a2e72d1",
                "sha256:dcd58e2b3a908b5ecc9b9df2f0085592506ac2d5110786018ee5e160f28e0911",
                "sha256:dd19cf5184a90c873009244586396a6a884d591a5323f0e8a5922560718d4993",
                "sha256:ddb4e1500f6efdd402218ffe34d040a1196c072e07929b9820f363a1fd1f4191",
                "sha256:e3cf5b2560c7b5a142286f69bde914494b6d8f901aaa71e453078388a50881c4",
                "sha256:ed2e1365e31fc73f1825fa830f1c8f8917ca1b3ca6185773b349c20fd606cec2",
                "sha256:edfcdcedd0d0f05850c52ba3127b1fce70b9f89e0fe5ff16517df7e81fa3cbb8",
                "sha256:f0ce778135f60799d89c9693b9b398819d15f1921ba15fe719acb3178215a7db",
                "sha256:f2347d3534e76bf50bca5500989d6c1d05ed64b440408057a37673282c654927",
                "sha256:f3c08197f3039bec79cee59a606d62b96b16669cff3949f21e74796b6e3cd2be",
                "sha256:f632fd56fc4e61564f78b46a2269153122db34988e78b6be8b32d28507b7eaeb",
                "sha256:f6984a24db30548fd39a44360532898c33528b74aedf81c26cf29c51ee47057e",
                "sha256:f70aadb7a809305226daedf75d90379c397b094755a710d7014b8b117df1ebbf",
                "sha256:f748f7c2d6fd375cc93d3fba7ef4a9e3a092421b8dbf34d8d4dc06be9492dfdd",
                "sha256:f8429e1c410b4073944f03bd778a9e066e7fad723564a52ff91841d278dfc822",
                "sha256:fc746432b951e92b58317af8e0ca746efe93e66555f1b40888865ef5bf56446b"
            ],
            "markers": "python_version >= '3.8'",
            "version": "==5.0.0"
        },
        "blinker": {
            "hashes": [
                "sha256:1779309f71bf239144b9399d06ae925637cf6634cf6bd131104184531bf67c01",
                "sha256:8f77b09d3bf7c795e969e9486f39c2c5e9c39d4ee07424be2bc594ece9642d83"
            ],
            "markers": "python_version >= '3.8'",
            "version": "==1.8.2"
        },
        "certifi": {
            "hashes": [
                "sha256:024c88eeec92ca068db80f02b8b07c9cef7b9fe261d1d535abfd5abd6f6af432",
                "sha256:2227dcbaafe0d2f59279d1762ddddc37783ed4354594f194ffc31d20f41fc3db"
            ],
            "markers": "python_version >= '3.7'",
            "version": "==2026.6.17"
        },
        "cffi": {
            "hashes": [
                "sha256:045d61c734659cc045141be4bae381a41d89b741f795af1dd018bfb532fd0df8",
                "sha256:0984a4925a435b1da406122d4d7968dd861c1385afe3b45ba82b750f229811e2",
                "sha256:0e2b1fac190ae3ebfe37b979cc1ce69c81f4e4fe5746bb401dca63a9062cdaf1",
                "sha256:0f048dcf80db46f0098ccac01132761580d28e28bc0f78ae0d58048063317e15",
                "sha256:1257bdabf294dceb59f5e70c64a3e2f462c30c7ad68092d01bbbfb1c16b1ba36",
                "sha256:1c39c6016c32bc48dd54561950ebd6836e1670f2ae46128f67cf49e789c52824",
                "sha256:1d599671f396c4723d016dbddb72fe8e0397082b0a77a4fab8028923bec050e8",
                "sha256:28b16024becceed8c6dfbc75629e27788d8a3f9030691a1dbf9821a128b22c36",
                "sha256:2bb1a08b8008b281856e5971307cc386a8e9c5b625ac297e853d36da6efe9c17",
                "sha256:30c5e0cb5ae493c04c8b42916e52ca38079f1b235c2f8ae5f4527b963c401caf",
                "sha256:31000ec67d4221a71bd3f67df918b1f88f676f1c3b535a7eb473255fdc0b83fc",
                "sha256:386c8bf53c502fff58903061338ce4f4950cbdcb23e2902d86c0f722b786bbe3",
                "sha256:3edc8d958eb099c634dace3c7e16560ae474aa3803a5df240542b305d14e14ed",
                "sha256:45398b671ac6d70e67da8e4224a065cec6a93541bb7aebe1b198a61b58c7b702",
                "sha256:46bf43160c1a35f7ec506d254e5c890f3c03648a4dbac12d624e4490a7046cd1",
                "sha256:4ceb10419a9adf4460ea14cfd6bc43d08701f0835e979bf821052f1805850fe8",
                "sha256:51392eae71afec0d0c8fb1a53b204dbb3bcabcb3c9b807eedf3e1e6ccf2de903",
                "sha256:5da5719280082ac6bd9aa7becb3938dc9f9cbd57fac7d2871717b1feb0902ab6",
                "sha256:610faea79c43e44c71e1ec53a554553fa22321b65fae24889706c0a84d4ad86d",
                "sha256:636062ea65bd0195bc012fea9321aca499c0504409f413dc88af450b57ffd03b",
                "sha256:6883e737d7d9e4899a8a695e00ec36bd4e5e4f18fabe0aca0efe0a4b44cdb13e",
                "sha256:6b8b4a92e1c65048ff98cfe1f735ef8f1ceb72e3d5f0c25fdb12087a23da22be",
                "sha256:6f17be4345073b0a7b8ea599688f692ac3ef23ce28e5df79c04de519dbc4912c",
                "sha256:706510fe141c86a69c8ddc029c7910003a17353970cff3b904ff0686a5927683",
                "sha256:72e72408cad3d5419375fc87d289076ee319835bdfa2caad331e377589aebba9",
                "sha256:733e99bc2df47476e3848417c5a4540522f234dfd4ef3ab7fafdf555b082ec0c",
                "sha256:7596d6620d3fa590f677e9ee430df2958d2d6d6de2feeae5b20e82c00b76fbf8",
                "sha256:78122be759c3f8a014ce010908ae03364d00a1f81ab5c7f4a7a5120607ea56e1",
                "sha256:805b4371bf7197c329fcb3ead37e710d1bca9da5d583f5073b799d5c5bd1eee4",
                "sha256:85a950a4ac9c359340d5963966e3e0a94a676bd6245a4b55bc43949eee26a655",
                "sha256:8f2cdc858323644ab277e9bb925ad72ae0e67f69e804f4898c070998d50b1a67",
                "sha256:9755e4345d1ec879e3849e62222a18c7174d65a6a92d5b346b1863912168b595",
                "sha256:98e3969bcff97cae1b2def8ba499ea3d6f31ddfdb7635374834cf89a1a08ecf0",
                "sha256:a08d7e755f8ed21095a310a693525137cfe756ce62d066e53f502a83dc550f65",
                "sha256:a1ed2dd2972641495a3ec98445e09766f077aee98a1c896dcb4ad0d303628e41",
                "sha256:a24ed04c8ffd54b0729c07cee15a81d964e6fee0e3d4d342a27b020d22959dc6",
                "sha256:a45e3c6913c5b87b3ff120dcdc03f6131fa0065027d0ed7ee6190736a74cd401",
                "sha256:a9b15d491f3ad5d692e11f6b71f7857e7835eb677955c00cc0aefcd0669adaf6",
                "sha256:ad9413ccdeda48c5afdae7e4fa2192157e991ff761e7ab8fdd8926f40b160cc3",
                "sha256:b2ab587605f4ba0bf81dc0cb08a41bd1c0a5906bd59243d56bad7668a6fc6c16",
                "sha256:b62ce867176a75d03a665bad002af8e6d54644fad99a3c70905c543130e39d93",
                "sha256:c03e868a0b3bc35839ba98e74211ed2b05d2119be4e8a0f224fba9384f1fe02e",
                "sha256:c59d6e989d07460165cc5ad3c61f9fd8f1b4796eacbd81cee78957842b834af4",
                "sha256:c7eac2ef9b63c79431bc4b25f1cd649d7f061a28808cbc6c47b534bd789ef964",
                "sha256:c9c3d058ebabb74db66e431095118094d06abf53284d9c81f27300d0e0d8bc7c",
                "sha256:ca74b8dbe6e8e8263c0ffd60277de77dcee6c837a3d0881d8c1ead7268c9e576",
                "sha256:caaf0640ef5f5517f49bc275eca1406b0ffa6aa184892812030f04c2abf589a0",
                "sha256:cdf5ce3acdfd1661132f2a9c19cac174758dc2352bfe37d98aa7512c6b7178b3",
                "sha256:d016c76bdd850f3c626af19b0542c9677ba156e4ee4fccfdd7848803533ef662",
                "sha256:d01b12eeeb4427d3110de311e1774046ad344f5b1a7403101878976ecd7a10f3",
                "sha256:d63afe322132c194cf832bfec0dc69a99fb9bb6bbd550f161a49e9e855cc78ff",
                "sha256:da95af8214998d77a98cc14e3a3bd00aa191526343078b530ceb0bd710fb48a5",
                "sha256:dd398dbc6773384a17fe0d3e7eeb8d1a21c2200473ee6806bb5e6a8e62bb73dd",
                "sha256:de2ea4b5833625383e464549fec1bc395c1bdeeb5f25c4a3a82b5a8c756ec22f",
                "sha256:de55b766c7aa2e2a3092c51e0483d700341182f08e67c63630d5b6f200bb28e5",
                "sha256:df8b1c11f177bc2313ec4b2d46baec87a5f3e71fc8b45dab2ee7cae86d9aba14",
                "sha256:e03eab0a8677fa80d646b5ddece1cbeaf556c313dcfac435ba11f107ba117b5d",
                "sha256:e221cf152cff04059d011ee126477f0d9588303eb57e88923578ace7baad17f9",
                "sha256:e31ae45bc2e29f6b2abd0de1cc3b9d5205aa847cafaecb8af1476a609a2f6eb7",
                "sha256:edae79245293e15384b51f88b00613ba9f7198016a5948b5dddf4917d4d26382",
                "sha256:f1e22e8c4419538cb197e4dd60acc919d7696e5ef98ee4da4e01d3f8cfa4cc5a",
                "sha256:f3a2b4222ce6b60e2e8b337bb9596923045681d71e5a082783484d845390938e",
                "sha256:f6a16c31041f09ead72d69f583767292f750d24913dadacf5756b966aacb3f1a",
                "sha256:f75c7ab1f9e4aca5414ed4d8e5c0e303a34f4421f8a0d47a4d019ceff0ab6af4",
                "sha256:f79fc4fc25f1c8698ff97788206bb3c2598949bfe0fef03d299eb1b5356ada99",
                "sha256:f7f5baafcc48261359e14bcd6d9bff6d4b28d9103847c9e136694cb0501aef87",
                "sha256:fc48c783f9c87e60831201f2cce7f3b2e4846bf4d8728eabe54d60700b318a0b"
            ],
            "markers": "python_version >= '3.8'",
            "version": "==1.17.1"
        },
        "charset-normalizer": {
            "hashes": [
                "sha256:0327fcd59a935777d83410750c50600ee9571af2846f71ce40f25b13da1ef380",
                "sha256:03d07803992c6c7bbc976327f34b18b6160327fc81cb82c9d504720ac0be3b62",
                "sha256:04ce310cb89c15df659582aee80a0603788732a5e017d5bd5c81158106ce249c",
                "sha256:0d861473f743244d349b50f850d10eb87aeb22bbdcc8e64f79273c94af5a8226",
                "sha256:0e94703ec9684807f20cfb5eed95c70f67f2a8f21ad620146d7b5a13677b93e5",
                "sha256:0fa1aec2d32bcc03c8fa0f6f1712caad1adc38509f31142112e5c9daf5b9c833",
                "sha256:16b65ea0f2465b6fb52aa22de5eca612aa964ddfec00a912e26f4656cbef890b",
                "sha256:16d10d789dd9bcca1173c95af82c58433122564b7bc39385124be735a35cbe99",
                "sha256:19ac87f93086ce37b86e098888555c4b4bc48102279bae3350098c0ed664b501",
                "sha256:1d22856ffbe153a602df38e4a5464f0b748a54002e0d69ac6d2ad0a197cc99ec",
                "sha256:21e764fd1e70b6a3e205a0e46f3051701f98a8cb3fad66eeb80e48bb502f8698",
                "sha256:231ddcbb35e2ff8973e1365db41fe0572662893b99a05deb183b68ad4c0c8bd4",
                "sha256:253a4a220747e8b5faf57ec320c4f5efb0cef05f647420bf267143ec15dba10a",
                "sha256:280081916dc341820640489a66e4696049401ef1cf6dd672f672e70ad915aca3",
                "sha256:2a441ea71902098ffe78c5abe6c494f44160b4af614ed16c3d9a3b1d17fd8ee2",
                "sha256:304b13570067b2547562e308af560b3963857b1fa90bd6afd978130130fe2d6a",
                "sha256:32286a2c8d167e897177b673176c1e3e00d4057caf5d2b64eef9a3666b03018e",
                "sha256:33bdcc2a32c0a0e861f60841a512c8acc658c87c2ac59d89e3a46dacf7d866e4",
                "sha256:375b83ed0aecfce76c16d198fbc21f3b11b337d68662bea0a995046682a11419",
                "sha256:3c09a49d6cde137258beb3d551994a2927fd35ad5cf96aed573f61bbd67c5f84",
                "sha256:3d92613ec25e43b05f042302531ec0f00b8445190e43325880cbd6ab7c2581da",
                "sha256:40a126142a56b2dfc0aacbad1de8310cbf60da7656db0e6b16eebd48e3e93519",
                "sha256:416c229f77e5ea25b3dfd4b582f8d73d7e43c22320302b9ab128a2d3a0b38efe",
                "sha256:432786d3561e69aeeae6c7e8648964ce0ad05736120135601f87ac26b9c83381",
                "sha256:43b9e366a31fdd1c87d0eb08f579b4a82b723ea54338f040d6b4e518a026ea29",
                "sha256:440eede837960000d74978f0eba527be106b5b9aee0daf779d395276ed0b0614",
                "sha256:45b0cc4e3556cd875e09102988d1ab8356c998b596c9fced84547c8138b487a0",
                "sha256:476743fe6dfe14a2da12e3ac79125dc84a3b2cf8094369a47a1529b0cd8549fe",
                "sha256:4773092f8019072343a7447203308b176e10199920eb02d6195e81bbb3274c29",
                "sha256:4b3dac63058cc36820b0dd072f89898604e2d39686fe05321729d00d8ac185a0",
                "sha256:4d1c96a7a18b9690a4d46df09e3e3382406ae3213727cd1019ebade1c4a81917",
                "sha256:51307f5c71007673a2bf8232ad973483d281e74cb99c8c5a990af1eefa6277d9",
                "sha256:51447e9aa2684679af07ca5021c3db526e0284347ebf4ffcec1154c3350cfe32",
                "sha256:58150c9f9b9a552505912d182ccdf26f6396fb6094816ceebcbb20eecabaed94",
                "sha256:5b10cd92fc5c498b35a8635df6d5a100207f88b63a4dc1de7ef9a548e1e2cd63",
                "sha256:5e226f6218febc71f6c1fc2fafb91c226f75bdc1d8fb12d66823716e891608fd",
                "sha256:609b3ba8fcc0fb5ab7af00719d0fb6ad0cb518e48e7712d12fd68f1327951198",
                "sha256:60f44ade2cf573dad7a277e6f8ca9a51a21dda572b13bd7d8539bb3cd5dbedde",
                "sha256:611057cc5d5c0afc743ba8be6bd828c17e0aaa8643f9d0a9b9bb7dea80eb8012",
                "sha256:6366a16e1a25018694d6a5d784d09b046edc9eac40ea2b54065c3052672516a1",
                "sha256:65a7ff3f705e57d392f7261b6d0550fe137c3019477431f1c355e0db0a7d3e15",
                "sha256:673611bbd43f0810bec0b0f028ddeaaa501190339cac411f347ac76917c3ae7b",
                "sha256:67830fc78e67501f47bb950471b2dcb9b35b140084429318e862895a8e89c993",
                "sha256:68ce9f4d6b26d5ccbf7fd4459bf75f74a0a146677ebba80597df60cbdb20e6f4",
                "sha256:68e5f26a1ad57ded6d1cfb85331d1c1a195314756471d97758c48498bb4dcdf5",
                "sha256:69b157c5d3292bcd443faca052f3096f637f1e074b98212a933c074ae23dc3b8",
                "sha256:75286256590a6320cf106a0d28970d3560aad9ee09aa7b34fb40524792436d35",
                "sha256:78841cccf1af7b40f6f716338d50c0902dbe88d9f800b3c973b7a9a0a693a642",
                "sha256:78fa18e436a1a0e58dbd7e02fc4473f3f32cceb12df9dfca542d075961c307d2",
                "sha256:79580094b00d1789d1f93ea55bc43cb2f611910c72235b7657f3482ddcc1b22d",
                "sha256:7b86a2b16095d250c6f58b3d9b2eee6f4147754344f3dab0922f7c9bf7d226c9",
                "sha256:83aed2c10721ddd90f68140685391b50811a880af20654c59af6b6c66c40513c",
                "sha256:84fd18bcc17526fc2b3c1af7d2b9217d32c9c04448c16ec693b9b4f1985c3d33",
                "sha256:871ff67ea1aad4dfd91736464934d56b32dac49f9fbe16cddba36198a7b3a0db",
                "sha256:898f0e9068ca27d37f8e83a5b962821df851532e6c4a7d615c1c033f9da6eedf",
                "sha256:8a79d9f4d8001473a30c163556b3c3bfebec837495a412dde78b51672f6134f9",
                "sha256:8c041122946b7ba21bb32c45b1aa57b1be35527690aeb3c5c234521085632eee",
                "sha256:90c44bc373b7687f6948b693cceaea1348ae0975d7474746559494468e3c1d84",
                "sha256:9104ed0bd76a429d46f9ec0dbc9b08ad1d2dcdf2b00a5a0daa1c145329b35b44",
                "sha256:920079c3f7456fa213e0829ed2073aaa727fd39d889ead5b4f35d0de5460d04f",
                "sha256:93d59d504b230e83c7a843251681959a0b6a9cd76f6e146ce1b8a80eb8739af9",
                "sha256:9b2aff1c7b3884512b9512c3eaadd9bab39fb45042ffaaa1dd08ff2b9f8109d9",
                "sha256:9b8e0f3107e2200b76f6054de99016eac3ee6762713587b36baaa7e4bd2ae177",
                "sha256:9bb41182d93ea91f60b4bc8fbf4c820c69ef8a12ab2d917f3f1834f1acad07e8",
                "sha256:9cdef90ae47919cae358d8ab15797a800ed41da7aba5d72419fb510729e2ed4b",
                "sha256:a1786910334ed46ab1dd73222f2cd1e05c2c3bb39f6dddb4f8b36fc382058a39",
                "sha256:a4cfde78a9f2880208d16a93b795726a3017d5977e08d1e162a7a31322479c41",
                "sha256:a4fbdde9dd4a9ce5fd52c2b3a347bb50cc89483ef783f1cb00d408c13f7a96c0",
                "sha256:aa99adc8f081b475a12843953db36831eaf83ec33eb46a90629ca6a5de45a616",
                "sha256:ac351b3b8014eead140e77e9717e2992c6bbe30b63bc3422422eb84865412e3d",
                "sha256:ad41ba96094304aa090f5a30cb6e4fb3b3f1c264c523394b4c39bbacc4dc92ba",
                "sha256:b5314963fce9b0b12743891de876e724997864ee22aa496f903f426c7e2fa5b2",
                "sha256:bcf74c1df76758a395bf0af608c04c82257523f55c9868b334f06270d0f2112b",
                "sha256:bd47ba7fc3ca94896759ea0109775132d3e7ab921fbf54038e1bab2e46c313c9",
                "sha256:c0323c9daef75ef2e5083624b4585018a0c9d5e3b40f607eed81a311270b934b",
                "sha256:c1225416b463483160e4af85d5fc3a9690ccb53fd4b1865a6437825f5ede3209",
                "sha256:c1c948747b03be832dceed96ca815cef7360de9aa19d37c730f8e3f6101aca48",
                "sha256:c25fe15c70c59eb7c5ce8c06a1f3fa1da0ecc5ea1e7a5922c40fd2fa9b0d5046",
                "sha256:cc1b0fff8ead343dae06305f954eb8468ba0ec1a97881f42489d198e4ce3c632",
                "sha256:cd6280cf040f233bd7d3407b743b4b4c74f70e8e1c4199cb112a62c941c0772a",
                "sha256:cd6c3d4b783c556fa00bf540854e42f135e2f256abd29669fcd0da0f2dec79c2",
                "sha256:d4d6fcde76f94f5cb9e43e9e9a61f16dacefd228cbbf6f1a09bd9b219a92f1a1",
                "sha256:ddf4af30b417d9fe16481e9b81c27ab2a7cde1ff7ba3e85653b02db7d145dc7b",
                "sha256:df115d4d83168fdf2cae48ef1ff6d1cb4c466364e30861b37121de0f3bf1b990",
                "sha256:df7276909358e5635ae203673ab7e509ddd224225a8d6b0790bf13eb2bde1cc5",
                "sha256:e4fd89cc178bced6ad29cb3e6dd4aa63fa5017c3524dbd0b25998fb64a87cc8b",
                "sha256:e9701d0049d92c16703a42771b98d560b95248949f23f8cf7b4eddd201814fb9",
                "sha256:ee2f2a527e3c1a6e6411eb4209642e138b544a2d72fe5d0d76daf77b24063534",
                "sha256:f7fb7d750cfa0a070d2c24e831fd3481019a60dd317ea2b39acbcebc08b6ed81",
                "sha256:f840ed6d8ecba8255df8c42b87fadeda98ddfc6eeec05e2dc66e26d46dd6f58a",
                "sha256:f86c6358749bd4fda175388691e3ba8c46e24c5347d0afd20f9b7edfc9faf07d",
                "sha256:fa36ec09ef71d158186bc79e359ff5fdd6e7996fe8ab638f00d6b93139ba4fcf",
                "sha256:fe2c7201c642b7c308f1675355ad7ff7b66acfe3541625efe5a3ad38f29d6115"
            ],
            "markers": "python_version >= '3.7'",
            "version": "==3.4.9"
        },
        "click": {
            "hashes": [
                "sha256:63c132bbbed01578a06712a2d1f497bb62d9c1c0d329b7903a866228027263b2",
                "sha256:ed53c9d8990d83c2a27deae68e4ee337473f6330c040a31d4225c9574d16096a"
            ],
            "markers": "python_version >= '3.7'",
            "version": "==8.1.8"
        },
        "cryptography": {
            "hashes": [
                "sha256:0024b87d47ae2399165a6bfb20d24888881eeab83ae2566d62467c5ff0030ce7",
                "sha256:07efe86201817e7d3c18781ca9770bc0db04e1e48c994be384e4602bc38f8f27",
                "sha256:09f6d7bf6724f8db8b32f11eccf23efc8e759924bc5603800335cf8859a3ddbd",
                "sha256:11438c7518132d95f354fa01a4aa2f806d172a061a7bed18cf18cbdacdb204d7",
                "sha256:11dbb9f50a0f1bb9757b3d8c27c1101780efb8f0bdecfb12439c22a74d64c001",
                "sha256:14432c8a9bcb37009784f9594a62fae211a2ae9543e96c92b2a8e4c3cd5cd0c4",
                "sha256:1581aef4219f7ca2849d0250edaa3866212fb74bf5667284f46aa92f9e65c1ca",
                "sha256:160ad728f128972d362e714054f6ba0067cab7fb350c5202a9ae8ae4ce3ef1a0",
                "sha256:1a405c08857258c11016777e11c02bacbe7ef596faf259305d282272a3a05cbe",
                "sha256:1e47422b5557bb82d3fff997e8d92cff4e28b9789576984f08c248d2b3535d93",
                "sha256:20fdbe3e38fb67c385d233c89371fa27f9909f6ebca1cecc20c13518dae65475",
                "sha256:2207a498b03275d0051589e326b79d4cf59985c99031b05bb292ac52631c37fe",
                "sha256:256d07c78a04d6b276f5df935a9923275f53bd1522f214447fdf365494e2d515",
                "sha256:2b45761c6ec22b7c726d6a829558777e32d0f1c8be7c3f3480f9c912d5ee8a10",
                "sha256:2ebd84adf0728c039a3be2700289378e1c164afc6748df1a5ed456767bef9ba7",
                "sha256:34b4358b925a5ea3e14384ca781a2c0ef7ac219b57bb9eacc4457078e2b19f92",
                "sha256:3fb8fa48075fad7193f2e5496135c6a76ac4b2aa5a38433df0a539296b377829",
                "sha256:4e1de79e047e25d6e9f8cea71c86b4a53aced64134f0f003bbcbf3655fd172c8",
                "sha256:4f7722c97826770bab8ae92959a2e7b20a5e9e9bf4deae68fd86c3ca457bab52",
                "sha256:51c9313e90bd1690ec5a75ed047c27c0b8e6c570029712943d6116ef9a90620b",
                "sha256:5d0e362ff51041b0c0d219cc7d6924d7b8996f57ce5712bdcef71eb3c65a59cc",
                "sha256:6651d32eff255423503aa276739da98c30f26c40cbeffcc6048e0d54ef704c0c",
                "sha256:6eebcaf0df1d21ce1f90605c9b432dd2c4f4ab665ac29a40d5e3fc68f51b5e63",
                "sha256:6f29f36582e6151d9686235e586dd35bb67491f024767d10b842e520dc6a07ac",
                "sha256:7a02675e2fabd0c0fc04c868b8781863cbf1967691543c22f5470500ff840b31",
                "sha256:7f1207974a904e005f762869996cf620e9bf79ecb4622f148550bb48e0eb35a7",
                "sha256:7f68d6fbc7fbbcfb0939fea72c3b96a9f9a6edfc0e1b1d29778a2066030418b1",
                "sha256:7fda2f02c9015db3f42bb8a22324a454516ed10a8c29ca6ece6cdbb5efe2a203",
                "sha256:80887c5cbd1774683cb126f0ab4184567f080071d5acf62205acb354b4b753b7",
                "sha256:835d2d7f47cdc53b3224e90810fb1d36ca94ea29cc1801fb4c1bc43876735769",
                "sha256:8c1a736bbb3288005796c3f7ccb9453360d7fed483b13b9f468aea5171432923",
                "sha256:9af828c0d5a65c70ec729cd7495a4bf1a67ecb66417b8f02ff125ab8a6326a74",
                "sha256:9c59ab0e0fa3a180a5a9c59f3a5abe3ef90d474bc56d7fadfbe80359491b615b",
                "sha256:9f8e55fe4e63613a5e1cc5819030f27b97742d720203a087802ce4ce9ceb52bb",
                "sha256:9fe6b7c64926c765f9dff301f9c1b867febcda5768868ca084e18589113732ab",
                "sha256:a49a3eb5341b9503fa3000a9a0db033161db90d47285291f53c2a9d2cd1b7f76",
                "sha256:a9b761f012a943b7de0e828843c5688d0de94a0578d44d6c85a1bae32f87791f",
                "sha256:b1c76fca783aa7698eb21eb14f9c4aa09452248ee54a627d125025a43f83e7a7",
                "sha256:b9a8943e359b7615db1a3ba587994618e094ff3d6fa5a390c73d079ce18b3973",
                "sha256:be12cb6a204f77ed968bcefe68086eb061695b540a3dd05edac507a3111b25f0",
                "sha256:cffbba3392df0fa8629bb7f43454ee2925059ee158e23c54620b9063912b86c8",
                "sha256:ed67ea4e0cfb5faa5bc7ecb6e2b8838f3807a03758eec239d6c21c8769355310",
                "sha256:edd4da498015da5b9f26d38d3bfc2e90257bfa9cbed1f6767c282a0025ae649b",
                "sha256:ef6b3634087f18d2155b1e8ce264e5345a753da2c5fa9815e7d41315c90f8318",
                "sha256:f1557695e5c2b86e204f6ce9470497848634100787935ab7adc5397c54abd7ab",
                "sha256:f5c15764f261394b22aef6b00252f5195f46f2ca300bec57149474e2538b31f8",
                "sha256:f5c3296dab66202f1b18a91fa266be93d6aa0c2806ea3d67762c69f60adc71aa",
                "sha256:f7db373287273d8af1414cf95dc4118b13ffdc62be521997b0f2b270771fef50",
                "sha256:f9a034b642b960767fb343766ae5ba6ad653f2e890ddd82955aef288ffea8736"
            ],
            "markers": "python_version >= '3.8' and python_full_version not in '3.9.0, 3.9.1'",
            "version": "==47.0.0"
        },
        "flask": {
            "hashes": [
                "sha256:34e815dfaa43340d1d15a5c3a02b8476004037eb4840b34910c6e21679d288f3",
                "sha256:ceb27b0af3823ea2737928a4d99d125a06175b8512c445cbd9a9ce200ef76842"
            ],
            "index": "pypi",
            "markers": "python_version >= '3.8'",
            "version": "==3.0.3"
        },
        "flask-bcrypt": {
            "hashes": [
                "sha256:062fd991dc9118d05ac0583675507b9fe4670e44416c97e0e6819d03d01f808a",
                "sha256:f07b66b811417ea64eb188ae6455b0b708a793d966e1a80ceec4a23bc42a4369"
            ],
            "index": "pypi",
            "version": "==1.0.1"
        },
        "flask-cors": {
            "hashes": [
                "sha256:5aadb4b950c4e93745034594d9f3ea6591f734bb3662e16e255ffbf5e89c88ef",
                "sha256:b9e307d082a9261c100d8fb0ba909eec6a228ed1b60a8315fd85f783d61910bc"
            ],
            "index": "pypi",
            "version": "==5.0.0"
        },
        "flask-login": {
            "hashes": [
                "sha256:5e23d14a607ef12806c699590b89d0f0e0d67baeec599d75947bf9c147330333",
                "sha256:849b25b82a436bf830a054e74214074af59097171562ab10bfa999e6b78aae5d"
            ],
            "index": "pypi",
            "markers": "python_version >= '3.7'",
            "version": "==0.6.3"
        },
        "flask-migrate": {
            "hashes": [
                "sha256:1a336b06eb2c3ace005f5f2ded8641d534c18798d64061f6ff11f79e1434126d",
                "sha256:24d8051af161782e0743af1b04a152d007bad9772b2bca67b7ec1e8ceeb3910d"
            ],
            "index": "pypi",
            "markers": "python_version >= '3.6'",
            "version": "==4.1.0"
        },
        "flask-restful": {
            "hashes": [
                "sha256:1cf93c535172f112e080b0d4503a8d15f93a48c88bdd36dd87269bdaf405051b",
                "sha256:fe4af2ef0027df8f9b4f797aba20c5566801b6ade995ac63b588abf1a59cec37"
            ],
            "index": "pypi",
            "version": "==0.3.10"
        },
        "flask-sqlalchemy": {
            "hashes": [
                "sha256:4ba4be7f419dc72f4efd8802d69974803c37259dd42f3913b0dcf75c9447e0a0",
                "sha256:e4b68bb881802dda1a7d878b2fc84c06d1ee57fb40b874d3dc97dabfa36b8312"
            ],
            "index": "pypi",
            "markers": "python_version >= '3.8'",
            "version": "==3.1.1"
        },
        "google-auth": {
            "hashes": [
                "sha256:04382175e28b94f49694977f0a792688b59a668def1499e9d8de996dc9ce5b15",
                "sha256:f35eafb191195328e8ce10a7883970877e7aeb49c2bfaa54aa0e394316d353d0"
            ],
            "index": "pypi",
            "markers": "python_version >= '3.8'",
            "version": "==2.50.0"
        },
        "idna": {
            "hashes": [
                "sha256:048adeaf8c2d788c40fee287673ccaa74c24ffd8dcf09ffa555a2fbb59f10ac8",
                "sha256:ca962446ea538f7092a95e057da437618e886f4d349216d2b1e294abfdb65fdc"
            ],
            "markers": "python_version >= '3.8'",
            "version": "==3.15"
        },
        "importlib-metadata": {
            "hashes": [
                "sha256:45e54197d28b7a7f1559e60b95e7c567032b602131fbd588f1497f47880aa68b",
                "sha256:71522656f0abace1d072b9e5481a48f07c138e00f079c38c8f883823f9c26bd7"
            ],
            "markers": "python_version >= '3.8'",
            "version": "==8.5.0"
        },
        "importlib-resources": {
            "hashes": [
                "sha256:980862a1d16c9e147a59603677fa2aa5fd82b87f223b6cb870695bcfce830065",
                "sha256:ac29d5f956f01d5e4bb63102a5a19957f1b9175e45649977264a1416783bb717"
            ],
            "markers": "python_version >= '3.8'",
            "version": "==6.4.5"
        },
        "itsdangerous": {
            "hashes": [
                "sha256:c6242fc49e35958c8b15141343aa660db5fc54d4f13a1db01a3f5891b98700ef",
                "sha256:e0050c0b7da1eea53ffaf149c0cfbb5c6e2e2b69c4bef22c81fa6eb73e5f6173"
            ],
            "markers": "python_version >= '3.8'",
            "version": "==2.2.0"
        },
        "jinja2": {
            "hashes": [
                "sha256:0137fb05990d35f1275a587e9aee6d56da821fc83491a0fb838183be43f66d6d",
                "sha256:85ece4451f492d0c13c5dd7c13a64681a86afae63a5f347908daf103ce6d2f67"
            ],
            "markers": "python_version >= '3.7'",
            "version": "==3.1.6"
        },
        "mako": {
            "hashes": [
                "sha256:8f61569480282dbf557145ce441e4ba888be453c30989f879f0d652e39f53ea9",
                "sha256:9f778e93289bd410bb35daadeb4fc66d95a746f0b75777b942088b7fd7af550a"
            ],
            "markers": "python_version >= '3.8'",
            "version": "==1.3.12"
        },
        "markupsafe": {
            "hashes": [
                "sha256:00e046b6dd71aa03a41079792f8473dc494d564611a8f89bbbd7cb93295ebdcf",
                "sha256:075202fa5b72c86ad32dc7d0b56024ebdbcf2048c0ba09f1cde31bfdd57bcfff",
                "sha256:0e397ac966fdf721b2c528cf028494e86172b4feba51d65f81ffd65c63798f3f",
                "sha256:17b950fccb810b3293638215058e432159d2b71005c74371d784862b7e4683f3",
                "sha256:1f3fbcb7ef1f16e48246f704ab79d79da8a46891e2da03f8783a5b6fa41a9532",
                "sha256:2174c595a0d73a3080ca3257b40096db99799265e1c27cc5a610743acd86d62f",
                "sha256:2b7c57a4dfc4f16f7142221afe5ba4e093e09e728ca65c51f5620c9aaeb9a617",
                "sha256:2d2d793e36e230fd32babe143b04cec8a8b3eb8a3122d2aceb4a371e6b09b8df",
                "sha256:30b600cf0a7ac9234b2638fbc0fb6158ba5bdcdf46aeb631ead21248b9affbc4",
                "sha256:397081c1a0bfb5124355710fe79478cdbeb39626492b15d399526ae53422b906",
                "sha256:3a57fdd7ce31c7ff06cdfbf31dafa96cc533c21e443d57f5b1ecc6cdc668ec7f",
                "sha256:3c6b973f22eb18a789b1460b4b91bf04ae3f0c4234a0a6aa6b0a92f6f7b951d4",
                "sha256:3e53af139f8579a6d5f7b76549125f0d94d7e630761a2111bc431fd820e163b8",
                "sha256:4096e9de5c6fdf43fb4f04c26fb114f61ef0bf2e5604b6ee3019d51b69e8c371",
                "sha256:4275d846e41ecefa46e2015117a9f491e57a71ddd59bbead77e904dc02b1bed2",
                "sha256:4c31f53cdae6ecfa91a77820e8b151dba54ab528ba65dfd235c80b086d68a465",
                "sha256:4f11aa001c540f62c6166c7726f71f7573b52c68c31f014c25cc7901deea0b52",
                "sha256:5049256f536511ee3f7e1b3f87d1d1209d327e818e6ae1365e8653d7e3abb6a6",
                "sha256:58c98fee265677f63a4385256a6d7683ab1832f3ddd1e66fe948d5880c21a169",
                "sha256:598e3276b64aff0e7b3451b72e94fa3c238d452e7ddcd893c3ab324717456bad",
                "sha256:5b7b716f97b52c5a14bffdf688f971b2d5ef4029127f1ad7a513973cfd818df2",
                "sha256:5dedb4db619ba5a2787a94d877bc8ffc0566f92a01c0ef214865e54ecc9ee5e0",
                "sha256:619bc166c4f2de5caa5a633b8b7326fbe98e0ccbfacabd87268a2b15ff73a029",
                "sha256:629ddd2ca402ae6dbedfceeba9c46d5f7b2a61d9749597d4307f943ef198fc1f",
                "sha256:656f7526c69fac7f600bd1f400991cc282b417d17539a1b228617081106feb4a",
                "sha256:6ec585f69cec0aa07d945b20805be741395e28ac1627333b1c5b0105962ffced",
                "sha256:72b6be590cc35924b02c78ef34b467da4ba07e4e0f0454a2c5907f473fc50ce5",
                "sha256:7502934a33b54030eaf1194c21c692a534196063db72176b0c4028e140f8f32c",
                "sha256:7a68b554d356a91cce1236aa7682dc01df0edba8d043fd1ce607c49dd3c1edcf",
                "sha256:7b2e5a267c855eea6b4283940daa6e88a285f5f2a67f2220203786dfa59b37e9",
                "sha256:823b65d8706e32ad2df51ed89496147a42a2a6e01c13cfb6ffb8b1e92bc910bb",
                "sha256:8590b4ae07a35970728874632fed7bd57b26b0102df2d2b233b6d9d82f6c62ad",
                "sha256:8dd717634f5a044f860435c1d8c16a270ddf0ef8588d4887037c5028b859b0c3",
                "sha256:8dec4936e9c3100156f8a2dc89c4b88d5c435175ff03413b443469c7c8c5f4d1",
                "sha256:97cafb1f3cbcd3fd2b6fbfb99ae11cdb14deea0736fc2b0952ee177f2b813a46",
                "sha256:a17a92de5231666cfbe003f0e4b9b3a7ae3afb1ec2845aadc2bacc93ff85febc",
                "sha256:a549b9c31bec33820e885335b451286e2969a2d9e24879f83fe904a5ce59d70a",
                "sha256:ac07bad82163452a6884fe8fa0963fb98c2346ba78d779ec06bd7a6262132aee",
                "sha256:ae2ad8ae6ebee9d2d94b17fb62763125f3f374c25618198f40cbb8b525411900",
                "sha256:b91c037585eba9095565a3556f611e3cbfaa42ca1e865f7b8015fe5c7336d5a5",
                "sha256:bc1667f8b83f48511b94671e0e441401371dfd0f0a795c7daa4a3cd1dde55bea",
                "sha256:bec0a414d016ac1a18862a519e54b2fd0fc8bbfd6890376898a6c0891dd82e9f",
                "sha256:bf50cd79a75d181c9181df03572cdce0fbb75cc353bc350712073108cba98de5",
                "sha256:bff1b4290a66b490a2f4719358c0cdcd9bafb6b8f061e45c7a2460866bf50c2e",
                "sha256:c061bb86a71b42465156a3ee7bd58c8c2ceacdbeb95d05a99893e08b8467359a",
                "sha256:c8b29db45f8fe46ad280a7294f5c3ec36dbac9491f2d1c17345be8e69cc5928f",
                "sha256:ce409136744f6521e39fd8e2a24c53fa18ad67aa5bc7c2cf83645cce5b5c4e50",
                "sha256:d050b3361367a06d752db6ead6e7edeb0009be66bc3bae0ee9d97fb326badc2a",
                "sha256:d283d37a890ba4c1ae73ffadf8046435c76e7bc2247bbb63c00bd1a709c6544b",
                "sha256:d9fad5155d72433c921b782e58892377c44bd6252b5af2f67f16b194987338a4",
                "sha256:daa4ee5a243f0f20d528d939d06670a298dd39b1ad5f8a72a4275124a7819eff",
                "sha256:db0b55e0f3cc0be60c1f19efdde9a637c32740486004f20d1cff53c3c0ece4d2",
                "sha256:e61659ba32cf2cf1481e575d0462554625196a1f2fc06a1c777d3f48e8865d46",
                "sha256:ea3d8a3d18833cf4304cd2fc9cbb1efe188ca9b5efef2bdac7adc20594a0e46b",
                "sha256:ec6a563cff360b50eed26f13adc43e61bc0c04d94b8be985e6fb24b81f6dcfdf",
                "sha256:f5dfb42c4604dddc8e4305050aa6deb084540643ed5804d7455b5df8fe16f5e5",
                "sha256:fa173ec60341d6bb97a89f5ea19c85c5643c1e7dedebc22f5181eb73573142c5",
                "sha256:fa9db3f79de01457b03d4f01b34cf91bc0048eb2c3846ff26f66687c2f6d16ab",
                "sha256:fce659a462a1be54d2ffcacea5e3ba2d74daa74f30f5f143fe0c58636e355fdd",
                "sha256:ffee1f21e5ef0d712f9033568f8344d5da8cc2869dbd08d87c84656e6a2d2f68"
            ],
            "markers": "python_version >= '3.7'",
            "version": "==2.1.5"
        },
        "pyasn1": {
            "hashes": [
                "sha256:697a8ecd6d98891189184ca1fa05d1bb00e2f84b5977c481452050549c8a72cf",
                "sha256:a80184d120f0864a52a073acc6fc642847d0be408e7c7252f31390c0f4eadcde"
            ],
            "markers": "python_version >= '3.8'",
            "version": "==0.6.3"
        },
        "pyasn1-modules": {
            "hashes": [
                "sha256:29253a9207ce32b64c3ac6600edc75368f98473906e8fd1043bd6b5b1de2c14a",
                "sha256:677091de870a80aae844b1ca6134f54652fa2c8c5a52aa396440ac3106e941e6"
            ],
            "markers": "python_version >= '3.8'",
            "version": "==0.4.2"
        },
        "pycparser": {
            "hashes": [
                "sha256:78816d4f24add8f10a06d6f05b4d424ad9e96cfebf68a4ddc99c65c0720d00c2",
                "sha256:e5c6e8d3fbad53479cab09ac03729e0a9faf2bee3db8208a550daf5af81a5934"
            ],
            "markers": "python_version >= '3.8'",
            "version": "==2.23"
        },
        "python-dotenv": {
            "hashes": [
                "sha256:e324ee90a023d808f1959c46bcbc04446a10ced277783dc6ee09987c37ec10ca",
                "sha256:f7b63ef50f1b690dddf550d03497b66d609393b40b564ed0d674909a68ebf16a"
            ],
            "index": "pypi",
            "markers": "python_version >= '3.8'",
            "version": "==1.0.1"
        },
        "pytz": {
            "hashes": [
                "sha256:04156e608bee23d3792fd45c94ae47fae1036688e75032eea2e3bf0323d1f126",
                "sha256:0e60b47b29f21574376f218fe21abc009894a2321ea16c6754f3cad6eb7cdd6a"
            ],
            "version": "==2026.2"
        },
        "requests": {
            "hashes": [
                "sha256:27babd3cda2a6d50b30443204ee89830707d396671944c998b5975b031ac2b2c",
                "sha256:27d0316682c8a29834d3264820024b62a36942083d52caf2f14c0591336d3422"
            ],
            "index": "pypi",
            "markers": "python_version >= '3.8'",
            "version": "==2.32.4"
        },
        "six": {
            "hashes": [
                "sha256:4721f391ed90541fddacab5acf947aa0d3dc7d27b2e1e8eda2be8970586c3274",
                "sha256:ff70335d468e7eb6ec65b95b99d3a2836546063f63acc5171de367e834932a81"
            ],
            "markers": "python_version >= '2.7' and python_version not in '3.0, 3.1, 3.2'",
            "version": "==1.17.0"
        },
        "sqlalchemy": {
            "hashes": [
                "sha256:0378d055e9e8cd6ce4d8dff683bdd3d7d413533c4ee51d67a2b1e0f9eacc0f23",
                "sha256:0592bdadf86ddcabfd72d9ab66ea8a5d8d2cc6be1cc51fa7e66c03868ac5eac1",
                "sha256:08a204d8b5638717c26a24df18fcf40af45a6b22e35b70b1d62f0113c2e278e8",
                "sha256:0c2c62877097e1a0db401fba5cb4debee33265e5b2a55c4ccb489c02c53b4f72",
                "sha256:0e8203d2fbd5c6254692ef0a72c740d75b2f3c7ca345404f4c1a4604813c77c0",
                "sha256:0f053118c30e53161857a953e4de667d90e274980dccbe5dd3829bbbeece72a5",
                "sha256:0f6bcad487aee1c638d707235682fc96f741de00663619881ab235400d03289e",
                "sha256:111604e637da87031255ddc26c7d7bc22bc6af6f5d459ccff3af1b4660233a85",
                "sha256:1181256e0f16479691b5616d36375dc2620ad8332b25978763c3d206ad3f3f1d",
                "sha256:159bb6ba32059f57ad7375a8f50d844dd2f19d14954ecf820cd33e20debd46b2",
                "sha256:1aa10c0daee6705294d181daadaa793221e1a59ed55000a3fab1d42b088ce4ba",
                "sha256:1af05726b3d0cdba1c55284bf408fd3b792e690fe2399bfb8304565551cda652",
                "sha256:1bed1ee8b01da6088210aa9412023326fb98a599ba502e6118308601dcbef77f",
                "sha256:1d21ce524ab86c23046e992a5b81cb54c21079c6df6e78b8fc77d77cac70a6b9",
                "sha256:1e47b1199c2e832e325eacabc8d32d2487f58c9358f97e9a00f5eb93c5680d84",
                "sha256:247acaa29ccef6250dfd6a3eedf8f94ddf23564180a39fe362e32ae9dbdbde46",
                "sha256:2a97eaad21c84b4ef8010b11eeba9fe6153eb0b3df3ff8b6abc309df1b978ef7",
                "sha256:2cf39aabdf48e87c1c2c2ed6d20d33ffa0733b3071ce9c5f66357947dd009080",
                "sha256:2e54ff2dd657f2e3e0fbf2b097db1182f7bfea263eca4353f00065bae2a67c3d",
                "sha256:39a76529db6305693d8d4affa58ad5b5e2e18edd62daea628b29b97930b3513d",
                "sha256:4004ada0aafe8ae1991b2cd1d99c6d9146126e123bd6f883c260d974aa012e54",
                "sha256:436728ce18a80f6951a1e11cc6112c2ede9faf20766f1a26195a7c441ca12dbd",
                "sha256:483b11bd46bf35fc14c52faf338b04300c9e6ce554bce9b11be85bfec3bc3195",
                "sha256:4a011ea4510683319ce4ed274b56ee05194b39b6da9d09ca7a39388f0fa84dcc",
                "sha256:581921d849d6e6f994d560389192955e80e2950e18fcdfe2ccea863e01158e6e",
                "sha256:59cab3686b1bc039dd9cded2f8d0c08a246e84e76bd4ab5b4f18c7cdae293825",
                "sha256:6b588fd681ddf0c196b8df1ea49a8913514894b2b8f945a9511b4b48871f99c8",
                "sha256:6e46fc36029eff666391e0531e5387b62ce6c4f1d8e50b3fb3099eaca1b42522",
                "sha256:6ea306caaae6bd5afd0a46050003c88f6bf33227377a49298c498c3cb88ff491",
                "sha256:72ca54c952107ba5cd58854b67a5a6268631289d21651a1235396f3b98b47400",
                "sha256:740cf6f35351b1ac3d82369152acf1d51d37e3dcf85d4dc0a22ca01410eabe2a",
                "sha256:7c2056838b6685b72fdb36c99996cf862753461a62f2e84f4196371d3b2d6a07",
                "sha256:7c6b36ed71f41942bdcd2ad2522be46bfce09d5705be5640ecf19bbc7660e4b7",
                "sha256:7d78702b26ba1c18b2d0fb2ea940ba7f17a9581b42e8361ff93920ebbee1235a",
                "sha256:804dccd8a4a6242c4e30ad961e540e18a588f6527202f2d6791b01845d59fdc9",
                "sha256:9161cfc9efce70d1715f47d6ff40f79c6778c00d53be4fbc09d70301e4b83ba7",
                "sha256:96747bfbadb055466e5b46d572618170046b45ce5a4879167f50d70a5319a499",
                "sha256:9f380393be5abeb6815f68fd39271b95127173511b6706b0a630a9995d53f8f5",
                "sha256:a42ad6afcbaaa777241e347aa2e29155993045a0d6b7db74da61053ffe875fe0",
                "sha256:a5b2ed6d828f1f09bd812861f4f59ca3bc3803f9df871f4555187f0faf018604",
                "sha256:a6d26094615306d116dd5e4a51b0304c99dd2356fc569eed6922a80a6bd3b265",
                "sha256:aa18ae738b5170e253ad0bb6c4b0f07585081e8a6e50893e4d911d47b39a0904",
                "sha256:ad30ae663711786303fbcd46a47516302d201ee49a877cb3fac61f672895110a",
                "sha256:b21f0e7efc7a5c509e953784e9d1575ebb8b4318960e7e7d7a93bb803626cf64",
                "sha256:b3e693d15533a45cd5906f0589f9c35090bef6ef45bf1e8195c424aa0ae06a8d",
                "sha256:b7f08588854bbb724041d9ae9d980d40040c922382e1d9a2ecb390edc4fd5032",
                "sha256:b93ab07b5292dbe7e6b8da89475275e7042744283921344b56105f3eeb0f828b",
                "sha256:bb024d8b621d0be75f4f44ecc7c950450026e76d66dc8f791bb5331d7fed59d5",
                "sha256:bb1f5062f98b0b3290e72b707747fdd7e0f22d6956b236ba7ca7f5c9971d2da2",
                "sha256:c45a496d6bc05dec41dcd4c3a2b183723f47473255c159cd80b503c8f246424d",
                "sha256:c5d98a2709840027f5a347c3af0a7c3d5f6c1ff93af2ca1c54494e23cba8f389",
                "sha256:c68568f3facf8f66fa76c60e0ced69b67666ffa9941d1d0a3756fda196049080",
                "sha256:c95ef01f53233a305a874a44a63fbfb1d81cd79b49de0f8529b3548cde437e37",
                "sha256:ca216e8af5c05e326efc7e28716ac2381a7cf9791749f5ee1849dccdc99c9b00",
                "sha256:ca8435d13829b92f4a97362d91975154a4015db3a2634154e1754e9a915e6b86",
                "sha256:dc261707bf5739aea8a541593f3cc1d463c2701fb05fbcbba0ce031b69a21260",
                "sha256:e5ea1a213be1fcd5e49d9904c3b9939211ded90bc2a64e93f4c01963474285de",
                "sha256:fa268106c8987639a17a18514cfe0cd9bf17420ab887e1e1bf486da8836135b1"
            ],
            "index": "pypi",
            "markers": "python_version >= '3.7'",
            "version": "==2.0.51"
        },
        "sqlalchemy-serializer": {
            "hashes": [
                "sha256:5e1f83fc6d8a4f7618100c1b9a6af949498210756b974527ec3c8c1ec7e1300f"
            ],
            "index": "pypi",
            "version": "==1.4.12"
        },
        "typing-extensions": {
            "hashes": [
                "sha256:a439e7c04b49fec3e5d3e2beaa21755cadbbdc391694e28ccdd36ca4a1408f8c",
                "sha256:e6c81219bd689f51865d9e372991c540bda33a0379d5573cddb9a3a23f7caaef"
            ],
            "markers": "python_version >= '3.8'",
            "version": "==4.13.2"
        },
        "urllib3": {
            "hashes": [
                "sha256:ca899ca043dcb1bafa3e262d73aa25c465bfb49e0bd9dd5d59f1d0acba2f8fac",
                "sha256:e7d814a81dad81e6caf2ec9fdedb284ecc9c73076b62654547cc64ccdcae26e9"
            ],
            "markers": "python_version >= '3.8'",
            "version": "==2.2.3"
        },
        "werkzeug": {
            "hashes": [
                "sha256:1bc0c2310d2fbb07b1dd1105eba2f7af72f322e1e455f2f93c993bee8c8a5f17",
                "sha256:a8dd59d4de28ca70471a34cba79bed5f7ef2e036a76b3ab0835474246eb41f8d"
            ],
            "markers": "python_version >= '3.8'",
            "version": "==3.0.6"
        },
        "zipp": {
            "hashes": [
                "sha256:a817ac80d6cf4b23bf7f2828b7cabf326f15a001bea8b1f9b49631780ba28350",
                "sha256:bc9eb26f4506fda01b81bcde0ca78103b6e62f991b381fec825435c836edbc29"
            ],
            "markers": "python_version >= '3.8'",
            "version": "==3.20.2"
        }
    },
    "develop": {}
}
